
Microsoft Visual Studio Solution File, Format Version 12.00
# Visual Studio Version 17
VisualStudioVersion = 17.10.35027.167
MinimumVisualStudioVersion = 10.0.40219.1
Project("{FAE04EC0-301F-11D3-BF4B-00C04F79EFBC}") = "Dr.LeeFinalQ5", "Dr.LeeFinalQ5.csproj", "{CBB97AED-85BC-4DC0-BF1D-957D56F0DBF6}"
EndProject
Global
	GlobalSection(SolutionConfigurationPlatforms) = preSolution
		Debug|Any CPU = Debug|Any CPU
		Release|Any CPU = Release|Any CPU
	EndGlobalSection
	GlobalSection(ProjectConfigurationPlatforms) = postSolution
		{CBB97AED-85BC-4DC0-BF1D-957D56F0DBF6}.Debug|Any CPU.ActiveCfg = Debug|Any CPU
		{CBB97AED-85BC-4DC0-BF1D-957D56F0DBF6}.Debug|Any CPU.Build.0 = Debug|Any CPU
		{CBB97AED-85BC-4DC0-BF1D-957D56F0DBF6}.Release|Any CPU.ActiveCfg = Release|Any CPU
		{CBB97AED-85BC-4DC0-BF1D-957D56F0DBF6}.Release|Any CPU.Build.0 = Release|Any CPU
	EndGlobalSection
	GlobalSection(SolutionProperties) = preSolution
		HideSolutionNode = FALSE
	EndGlobalSection
	GlobalSection(ExtensibilityGlobals) = postSolution
		SolutionGuid = {5523A193-F81C-44F1-8AE5-8436F8484E58}
	EndGlobalSection
EndGlobal
